// !$*UTF8*$!
{
	archiveVersion = 1;
	classes = {
	};
	objectVersion = 56;
	objects = {

/* Begin PBXBuildFile section */
		108E0021954CE10CD3202972 /* Pods_YandexToDoList.framework in Frameworks */ = {isa = PBXBuildFile; fileRef = B364B0D51A783A5E5552C441 /* Pods_YandexToDoList.framework */; };
		C402FBC62A4DA7BE00EE2FD6 /* HeaderTableView.swift in Sources */ = {isa = PBXBuildFile; fileRef = C402FBC52A4DA7BE00EE2FD6 /* HeaderTableView.swift */; };
		C402FBC82A4DAFF400EE2FD6 /* CustomTableViewCell.swift in Sources */ = {isa = PBXBuildFile; fileRef = C402FBC72A4DAFF400EE2FD6 /* CustomTableViewCell.swift */; };
		C4375E492A49CC2600E30314 /* EditTodoView.swift in Sources */ = {isa = PBXBuildFile; fileRef = C4375E482A49CC2600E30314 /* EditTodoView.swift */; };
		C4375E4F2A49CE6400E30314 /* CustomDividerView.swift in Sources */ = {isa = PBXBuildFile; fileRef = C4375E4E2A49CE6400E30314 /* CustomDividerView.swift */; };
		C4375E512A49D0CF00E30314 /* CustomLabelView.swift in Sources */ = {isa = PBXBuildFile; fileRef = C4375E502A49D0CF00E30314 /* CustomLabelView.swift */; };
		C47F32482A4678C8001F94F6 /* EditTodoViewController.swift in Sources */ = {isa = PBXBuildFile; fileRef = C47F32472A4678C8001F94F6 /* EditTodoViewController.swift */; };
		C47F324D2A467F0D001F94F6 /* UIColor+Extension.swift in Sources */ = {isa = PBXBuildFile; fileRef = C47F324C2A467F0D001F94F6 /* UIColor+Extension.swift */; };
		C47F32512A46813C001F94F6 /* UIFont+Extension.swift in Sources */ = {isa = PBXBuildFile; fileRef = C47F32502A46813C001F94F6 /* UIFont+Extension.swift */; };
		C48448BD2A46908E000CF120 /* Date+Extension.swift in Sources */ = {isa = PBXBuildFile; fileRef = C48448BC2A46908E000CF120 /* Date+Extension.swift */; };
		C48482822A4C5B3D0010B1BD /* OptionsTodoView.swift in Sources */ = {isa = PBXBuildFile; fileRef = C48482812A4C5B3D0010B1BD /* OptionsTodoView.swift */; };
		C48482842A4C64BE0010B1BD /* EditTodoViewDelegate.swift in Sources */ = {isa = PBXBuildFile; fileRef = C48482832A4C64BE0010B1BD /* EditTodoViewDelegate.swift */; };
		C48482882A4C8AC60010B1BD /* TodoListView.swift in Sources */ = {isa = PBXBuildFile; fileRef = C48482872A4C8AC60010B1BD /* TodoListView.swift */; };
		C484828A2A4C8C430010B1BD /* TodoListViewDelegate.swift in Sources */ = {isa = PBXBuildFile; fileRef = C48482892A4C8C430010B1BD /* TodoListViewDelegate.swift */; };
		C4C859E72A3B775F00DC3E14 /* AppDelegate.swift in Sources */ = {isa = PBXBuildFile; fileRef = C4C859E62A3B775F00DC3E14 /* AppDelegate.swift */; };
		C4C859E92A3B775F00DC3E14 /* SceneDelegate.swift in Sources */ = {isa = PBXBuildFile; fileRef = C4C859E82A3B775F00DC3E14 /* SceneDelegate.swift */; };
		C4C859EB2A3B775F00DC3E14 /* TodoListViewController.swift in Sources */ = {isa = PBXBuildFile; fileRef = C4C859EA2A3B775F00DC3E14 /* TodoListViewController.swift */; };
		C4C859EE2A3B775F00DC3E14 /* Main.storyboard in Resources */ = {isa = PBXBuildFile; fileRef = C4C859EC2A3B775F00DC3E14 /* Main.storyboard */; };
		C4C859F02A3B776000DC3E14 /* Assets.xcassets in Resources */ = {isa = PBXBuildFile; fileRef = C4C859EF2A3B776000DC3E14 /* Assets.xcassets */; };
		C4C859F32A3B776000DC3E14 /* LaunchScreen.storyboard in Resources */ = {isa = PBXBuildFile; fileRef = C4C859F12A3B776000DC3E14 /* LaunchScreen.storyboard */; };
		C4C859FE2A3B776000DC3E14 /* YandexToDoListTests.swift in Sources */ = {isa = PBXBuildFile; fileRef = C4C859FD2A3B776000DC3E14 /* YandexToDoListTests.swift */; };
		C4C85A082A3B776000DC3E14 /* YandexToDoListUITests.swift in Sources */ = {isa = PBXBuildFile; fileRef = C4C85A072A3B776000DC3E14 /* YandexToDoListUITests.swift */; };
		C4C85A0A2A3B776000DC3E14 /* YandexToDoListUITestsLaunchTests.swift in Sources */ = {isa = PBXBuildFile; fileRef = C4C85A092A3B776000DC3E14 /* YandexToDoListUITestsLaunchTests.swift */; };
		C4C85A182A3B77D000DC3E14 /* TodoItem.swift in Sources */ = {isa = PBXBuildFile; fileRef = C4C85A172A3B77D000DC3E14 /* TodoItem.swift */; };
		C4C85A1A2A3B781500DC3E14 /* Importance.swift in Sources */ = {isa = PBXBuildFile; fileRef = C4C85A192A3B781500DC3E14 /* Importance.swift */; };
		C4D6E2A32A4F7B3A0070AD3C /* NewTodoTableViewCell.swift in Sources */ = {isa = PBXBuildFile; fileRef = C4D6E2A22A4F7B3A0070AD3C /* NewTodoTableViewCell.swift */; };
		C4D6E2A52A4F83270070AD3C /* CustomTableViewCellDelegate.swift in Sources */ = {isa = PBXBuildFile; fileRef = C4D6E2A42A4F83270070AD3C /* CustomTableViewCellDelegate.swift */; };
		C4D6E2A72A4F8B8D0070AD3C /* HeaderTableViewDelegate.swift in Sources */ = {isa = PBXBuildFile; fileRef = C4D6E2A62A4F8B8D0070AD3C /* HeaderTableViewDelegate.swift */; };
		C4D6E2A92A4F8EC70070AD3C /* String+Extension.swift in Sources */ = {isa = PBXBuildFile; fileRef = C4D6E2A82A4F8EC70070AD3C /* String+Extension.swift */; };
		C4E2612E2A58BFA30000C11F /* URLSession+Extension.swift in Sources */ = {isa = PBXBuildFile; fileRef = C4E2612D2A58BFA30000C11F /* URLSession+Extension.swift */; };
		C4F38DF62A58E4C30083897B /* NetworkingService.swift in Sources */ = {isa = PBXBuildFile; fileRef = C4F38DF52A58E4C30083897B /* NetworkingService.swift */; };
		C4F38DF82A58E5170083897B /* DefaultNetworkingService.swift in Sources */ = {isa = PBXBuildFile; fileRef = C4F38DF72A58E5170083897B /* DefaultNetworkingService.swift */; };
/* End PBXBuildFile section */

/* Begin PBXContainerItemProxy section */
		C4C859FA2A3B776000DC3E14 /* PBXContainerItemProxy */ = {
			isa = PBXContainerItemProxy;
			containerPortal = C4C859DB2A3B775F00DC3E14 /* Project object */;
			proxyType = 1;
			remoteGlobalIDString = C4C859E22A3B775F00DC3E14;
			remoteInfo = YandexToDoList;
		};
		C4C85A042A3B776000DC3E14 /* PBXContainerItemProxy */ = {
			isa = PBXContainerItemProxy;
			containerPortal = C4C859DB2A3B775F00DC3E14 /* Project object */;
			proxyType = 1;
			remoteGlobalIDString = C4C859E22A3B775F00DC3E14;
			remoteInfo = YandexToDoList;
		};
/* End PBXContainerItemProxy section */

/* Begin PBXFileReference section */
		968908ABCCE341456851A3BE /* Pods-YandexToDoList.release.xcconfig */ = {isa = PBXFileReference; includeInIndex = 1; lastKnownFileType = text.xcconfig; name = "Pods-YandexToDoList.release.xcconfig"; path = "Target Support Files/Pods-YandexToDoList/Pods-YandexToDoList.release.xcconfig"; sourceTree = "<group>"; };
		B364B0D51A783A5E5552C441 /* Pods_YandexToDoList.framework */ = {isa = PBXFileReference; explicitFileType = wrapper.framework; includeInIndex = 0; path = Pods_YandexToDoList.framework; sourceTree = BUILT_PRODUCTS_DIR; };
		C402FBC52A4DA7BE00EE2FD6 /* HeaderTableView.swift */ = {isa = PBXFileReference; lastKnownFileType = sourcecode.swift; path = HeaderTableView.swift; sourceTree = "<group>"; };
		C402FBC72A4DAFF400EE2FD6 /* CustomTableViewCell.swift */ = {isa = PBXFileReference; lastKnownFileType = sourcecode.swift; path = CustomTableViewCell.swift; sourceTree = "<group>"; };
		C4375E482A49CC2600E30314 /* EditTodoView.swift */ = {isa = PBXFileReference; lastKnownFileType = sourcecode.swift; path = EditTodoView.swift; sourceTree = "<group>"; };
		C4375E4E2A49CE6400E30314 /* CustomDividerView.swift */ = {isa = PBXFileReference; lastKnownFileType = sourcecode.swift; path = CustomDividerView.swift; sourceTree = "<group>"; };
		C4375E502A49D0CF00E30314 /* CustomLabelView.swift */ = {isa = PBXFileReference; lastKnownFileType = sourcecode.swift; path = CustomLabelView.swift; sourceTree = "<group>"; };
		C45881C52A3D6F0600C4693E /* YandexToDoList.xctestplan */ = {isa = PBXFileReference; lastKnownFileType = text; path = YandexToDoList.xctestplan; sourceTree = "<group>"; };
		C47F32472A4678C8001F94F6 /* EditTodoViewController.swift */ = {isa = PBXFileReference; lastKnownFileType = sourcecode.swift; path = EditTodoViewController.swift; sourceTree = "<group>"; };
		C47F324C2A467F0D001F94F6 /* UIColor+Extension.swift */ = {isa = PBXFileReference; lastKnownFileType = sourcecode.swift; path = "UIColor+Extension.swift"; sourceTree = "<group>"; };
		C47F32502A46813C001F94F6 /* UIFont+Extension.swift */ = {isa = PBXFileReference; fileEncoding = 4; lastKnownFileType = sourcecode.swift; path = "UIFont+Extension.swift"; sourceTree = "<group>"; };
		C48448BC2A46908E000CF120 /* Date+Extension.swift */ = {isa = PBXFileReference; lastKnownFileType = sourcecode.swift; path = "Date+Extension.swift"; sourceTree = "<group>"; };
		C48482812A4C5B3D0010B1BD /* OptionsTodoView.swift */ = {isa = PBXFileReference; lastKnownFileType = sourcecode.swift; path = OptionsTodoView.swift; sourceTree = "<group>"; };
		C48482832A4C64BE0010B1BD /* EditTodoViewDelegate.swift */ = {isa = PBXFileReference; lastKnownFileType = sourcecode.swift; path = EditTodoViewDelegate.swift; sourceTree = "<group>"; };
		C48482872A4C8AC60010B1BD /* TodoListView.swift */ = {isa = PBXFileReference; lastKnownFileType = sourcecode.swift; path = TodoListView.swift; sourceTree = "<group>"; };
		C48482892A4C8C430010B1BD /* TodoListViewDelegate.swift */ = {isa = PBXFileReference; lastKnownFileType = sourcecode.swift; path = TodoListViewDelegate.swift; sourceTree = "<group>"; };
		C4C859E32A3B775F00DC3E14 /* YandexToDoList.app */ = {isa = PBXFileReference; explicitFileType = wrapper.application; includeInIndex = 0; path = YandexToDoList.app; sourceTree = BUILT_PRODUCTS_DIR; };
		C4C859E62A3B775F00DC3E14 /* AppDelegate.swift */ = {isa = PBXFileReference; lastKnownFileType = sourcecode.swift; path = AppDelegate.swift; sourceTree = "<group>"; };
		C4C859E82A3B775F00DC3E14 /* SceneDelegate.swift */ = {isa = PBXFileReference; lastKnownFileType = sourcecode.swift; path = SceneDelegate.swift; sourceTree = "<group>"; };
		C4C859EA2A3B775F00DC3E14 /* TodoListViewController.swift */ = {isa = PBXFileReference; lastKnownFileType = sourcecode.swift; path = TodoListViewController.swift; sourceTree = "<group>"; };
		C4C859ED2A3B775F00DC3E14 /* Base */ = {isa = PBXFileReference; lastKnownFileType = file.storyboard; name = Base; path = Base.lproj/Main.storyboard; sourceTree = "<group>"; };
		C4C859EF2A3B776000DC3E14 /* Assets.xcassets */ = {isa = PBXFileReference; lastKnownFileType = folder.assetcatalog; path = Assets.xcassets; sourceTree = "<group>"; };
		C4C859F22A3B776000DC3E14 /* Base */ = {isa = PBXFileReference; lastKnownFileType = file.storyboard; name = Base; path = Base.lproj/LaunchScreen.storyboard; sourceTree = "<group>"; };
		C4C859F42A3B776000DC3E14 /* Info.plist */ = {isa = PBXFileReference; lastKnownFileType = text.plist.xml; path = Info.plist; sourceTree = "<group>"; };
		C4C859F92A3B776000DC3E14 /* YandexToDoListTests.xctest */ = {isa = PBXFileReference; explicitFileType = wrapper.cfbundle; includeInIndex = 0; path = YandexToDoListTests.xctest; sourceTree = BUILT_PRODUCTS_DIR; };
		C4C859FD2A3B776000DC3E14 /* YandexToDoListTests.swift */ = {isa = PBXFileReference; lastKnownFileType = sourcecode.swift; path = YandexToDoListTests.swift; sourceTree = "<group>"; };
		C4C85A032A3B776000DC3E14 /* YandexToDoListUITests.xctest */ = {isa = PBXFileReference; explicitFileType = wrapper.cfbundle; includeInIndex = 0; path = YandexToDoListUITests.xctest; sourceTree = BUILT_PRODUCTS_DIR; };
		C4C85A072A3B776000DC3E14 /* YandexToDoListUITests.swift */ = {isa = PBXFileReference; lastKnownFileType = sourcecode.swift; path = YandexToDoListUITests.swift; sourceTree = "<group>"; };
		C4C85A092A3B776000DC3E14 /* YandexToDoListUITestsLaunchTests.swift */ = {isa = PBXFileReference; lastKnownFileType = sourcecode.swift; path = YandexToDoListUITestsLaunchTests.swift; sourceTree = "<group>"; };
		C4C85A172A3B77D000DC3E14 /* TodoItem.swift */ = {isa = PBXFileReference; lastKnownFileType = sourcecode.swift; path = TodoItem.swift; sourceTree = "<group>"; };
		C4C85A192A3B781500DC3E14 /* Importance.swift */ = {isa = PBXFileReference; lastKnownFileType = sourcecode.swift; path = Importance.swift; sourceTree = "<group>"; };
		C4D6E2A22A4F7B3A0070AD3C /* NewTodoTableViewCell.swift */ = {isa = PBXFileReference; lastKnownFileType = sourcecode.swift; path = NewTodoTableViewCell.swift; sourceTree = "<group>"; };
		C4D6E2A42A4F83270070AD3C /* CustomTableViewCellDelegate.swift */ = {isa = PBXFileReference; lastKnownFileType = sourcecode.swift; path = CustomTableViewCellDelegate.swift; sourceTree = "<group>"; };
		C4D6E2A62A4F8B8D0070AD3C /* HeaderTableViewDelegate.swift */ = {isa = PBXFileReference; lastKnownFileType = sourcecode.swift; path = HeaderTableViewDelegate.swift; sourceTree = "<group>"; };
		C4D6E2A82A4F8EC70070AD3C /* String+Extension.swift */ = {isa = PBXFileReference; lastKnownFileType = sourcecode.swift; path = "String+Extension.swift"; sourceTree = "<group>"; };
		C4E2612D2A58BFA30000C11F /* URLSession+Extension.swift */ = {isa = PBXFileReference; lastKnownFileType = sourcecode.swift; path = "URLSession+Extension.swift"; sourceTree = "<group>"; };
		C4F38DF52A58E4C30083897B /* NetworkingService.swift */ = {isa = PBXFileReference; lastKnownFileType = sourcecode.swift; path = NetworkingService.swift; sourceTree = "<group>"; };
		C4F38DF72A58E5170083897B /* DefaultNetworkingService.swift */ = {isa = PBXFileReference; lastKnownFileType = sourcecode.swift; path = DefaultNetworkingService.swift; sourceTree = "<group>"; };
		CE261C5B79EC33C589FA582A /* Pods-YandexToDoList.debug.xcconfig */ = {isa = PBXFileReference; includeInIndex = 1; lastKnownFileType = text.xcconfig; name = "Pods-YandexToDoList.debug.xcconfig"; path = "Target Support Files/Pods-YandexToDoList/Pods-YandexToDoList.debug.xcconfig"; sourceTree = "<group>"; };
/* End PBXFileReference section */

/* Begin PBXFrameworksBuildPhase section */
		C4C859E02A3B775F00DC3E14 /* Frameworks */ = {
			isa = PBXFrameworksBuildPhase;
			buildActionMask = 2147483647;
			files = (
				108E0021954CE10CD3202972 /* Pods_YandexToDoList.framework in Frameworks */,
			);
			runOnlyForDeploymentPostprocessing = 0;
		};
		C4C859F62A3B776000DC3E14 /* Frameworks */ = {
			isa = PBXFrameworksBuildPhase;
			buildActionMask = 2147483647;
			files = (
			);
			runOnlyForDeploymentPostprocessing = 0;
		};
		C4C85A002A3B776000DC3E14 /* Frameworks */ = {
			isa = PBXFrameworksBuildPhase;
			buildActionMask = 2147483647;
			files = (
			);
			runOnlyForDeploymentPostprocessing = 0;
		};
/* End PBXFrameworksBuildPhase section */

/* Begin PBXGroup section */
		404FA404AD943D7FFCC20FD8 /* Pods */ = {
			isa = PBXGroup;
			children = (
				CE261C5B79EC33C589FA582A /* Pods-YandexToDoList.debug.xcconfig */,
				968908ABCCE341456851A3BE /* Pods-YandexToDoList.release.xcconfig */,
			);
			path = Pods;
			sourceTree = "<group>";
		};
		AE170216C0EEEAA4731000AF /* Frameworks */ = {
			isa = PBXGroup;
			children = (
				B364B0D51A783A5E5552C441 /* Pods_YandexToDoList.framework */,
			);
			name = Frameworks;
			sourceTree = "<group>";
		};
		C402FBC32A4DA01D00EE2FD6 /* CustomElements */ = {
			isa = PBXGroup;
			children = (
				C402FBC72A4DAFF400EE2FD6 /* CustomTableViewCell.swift */,
				C4D6E2A22A4F7B3A0070AD3C /* NewTodoTableViewCell.swift */,
			);
			path = CustomElements;
			sourceTree = "<group>";
		};
		C402FBC42A4DA53300EE2FD6 /* InterfaceBlocks */ = {
			isa = PBXGroup;
			children = (
				C402FBC52A4DA7BE00EE2FD6 /* HeaderTableView.swift */,
			);
			path = InterfaceBlocks;
			sourceTree = "<group>";
		};
		C4375E462A49CA9400E30314 /* TodoList */ = {
			isa = PBXGroup;
			children = (
				C402FBC42A4DA53300EE2FD6 /* InterfaceBlocks */,
				C402FBC32A4DA01D00EE2FD6 /* CustomElements */,
				C48482872A4C8AC60010B1BD /* TodoListView.swift */,
			);
			path = TodoList;
			sourceTree = "<group>";
		};
		C4375E472A49CA9E00E30314 /* EditTodo */ = {
			isa = PBXGroup;
			children = (
				C4375E4B2A49CDCF00E30314 /* InterfaceBlocks */,
				C4375E4A2A49CDC500E30314 /* CustomElements */,
				C4375E482A49CC2600E30314 /* EditTodoView.swift */,
			);
			path = EditTodo;
			sourceTree = "<group>";
		};
		C4375E4A2A49CDC500E30314 /* CustomElements */ = {
			isa = PBXGroup;
			children = (
				C4375E4E2A49CE6400E30314 /* CustomDividerView.swift */,
				C4375E502A49D0CF00E30314 /* CustomLabelView.swift */,
			);
			path = CustomElements;
			sourceTree = "<group>";
		};
		C4375E4B2A49CDCF00E30314 /* InterfaceBlocks */ = {
			isa = PBXGroup;
			children = (
				C48482812A4C5B3D0010B1BD /* OptionsTodoView.swift */,
			);
			path = InterfaceBlocks;
			sourceTree = "<group>";
		};
		C47F32452A467859001F94F6 /* Views */ = {
			isa = PBXGroup;
			children = (
				C4375E462A49CA9400E30314 /* TodoList */,
				C4375E472A49CA9E00E30314 /* EditTodo */,
			);
			path = Views;
			sourceTree = "<group>";
		};
		C47F32462A467874001F94F6 /* Controllers */ = {
			isa = PBXGroup;
			children = (
				C4C859EA2A3B775F00DC3E14 /* TodoListViewController.swift */,
				C47F32472A4678C8001F94F6 /* EditTodoViewController.swift */,
			);
			path = Controllers;
			sourceTree = "<group>";
		};
		C47F324B2A467EDF001F94F6 /* Extensions */ = {
			isa = PBXGroup;
			children = (
				C47F32502A46813C001F94F6 /* UIFont+Extension.swift */,
				C47F324C2A467F0D001F94F6 /* UIColor+Extension.swift */,
				C48448BC2A46908E000CF120 /* Date+Extension.swift */,
				C4D6E2A82A4F8EC70070AD3C /* String+Extension.swift */,
				C4E2612D2A58BFA30000C11F /* URLSession+Extension.swift */,
			);
			path = Extensions;
			sourceTree = "<group>";
		};
		C48482802A4C5A6D0010B1BD /* Protocols */ = {
			isa = PBXGroup;
			children = (
				C48482832A4C64BE0010B1BD /* EditTodoViewDelegate.swift */,
				C48482892A4C8C430010B1BD /* TodoListViewDelegate.swift */,
				C4D6E2A42A4F83270070AD3C /* CustomTableViewCellDelegate.swift */,
				C4D6E2A62A4F8B8D0070AD3C /* HeaderTableViewDelegate.swift */,
				C4F38DF52A58E4C30083897B /* NetworkingService.swift */,
			);
			path = Protocols;
			sourceTree = "<group>";
		};
		C4C859DA2A3B775F00DC3E14 = {
			isa = PBXGroup;
			children = (
				C45881C52A3D6F0600C4693E /* YandexToDoList.xctestplan */,
				C4C859E52A3B775F00DC3E14 /* YandexToDoList */,
				C4C859FC2A3B776000DC3E14 /* YandexToDoListTests */,
				C4C85A062A3B776000DC3E14 /* YandexToDoListUITests */,
				C4C859E42A3B775F00DC3E14 /* Products */,
				404FA404AD943D7FFCC20FD8 /* Pods */,
				AE170216C0EEEAA4731000AF /* Frameworks */,
			);
			sourceTree = "<group>";
		};
		C4C859E42A3B775F00DC3E14 /* Products */ = {
			isa = PBXGroup;
			children = (
				C4C859E32A3B775F00DC3E14 /* YandexToDoList.app */,
				C4C859F92A3B776000DC3E14 /* YandexToDoListTests.xctest */,
				C4C85A032A3B776000DC3E14 /* YandexToDoListUITests.xctest */,
			);
			name = Products;
			sourceTree = "<group>";
		};
		C4C859E52A3B775F00DC3E14 /* YandexToDoList */ = {
			isa = PBXGroup;
			children = (
				C47F324B2A467EDF001F94F6 /* Extensions */,
				C4C85A162A3B77A500DC3E14 /* Models */,
				C47F32452A467859001F94F6 /* Views */,
				C47F32462A467874001F94F6 /* Controllers */,
				C48482802A4C5A6D0010B1BD /* Protocols */,
				C4C859E62A3B775F00DC3E14 /* AppDelegate.swift */,
				C4C859E82A3B775F00DC3E14 /* SceneDelegate.swift */,
				C4C859EC2A3B775F00DC3E14 /* Main.storyboard */,
				C4C859EF2A3B776000DC3E14 /* Assets.xcassets */,
				C4C859F12A3B776000DC3E14 /* LaunchScreen.storyboard */,
				C4C859F42A3B776000DC3E14 /* Info.plist */,
			);
			path = YandexToDoList;
			sourceTree = "<group>";
		};
		C4C859FC2A3B776000DC3E14 /* YandexToDoListTests */ = {
			isa = PBXGroup;
			children = (
				C4C859FD2A3B776000DC3E14 /* YandexToDoListTests.swift */,
			);
			path = YandexToDoListTests;
			sourceTree = "<group>";
		};
		C4C85A062A3B776000DC3E14 /* YandexToDoListUITests */ = {
			isa = PBXGroup;
			children = (
				C4C85A072A3B776000DC3E14 /* YandexToDoListUITests.swift */,
				C4C85A092A3B776000DC3E14 /* YandexToDoListUITestsLaunchTests.swift */,
			);
			path = YandexToDoListUITests;
			sourceTree = "<group>";
		};
		C4C85A162A3B77A500DC3E14 /* Models */ = {
			isa = PBXGroup;
			children = (
				C4C85A172A3B77D000DC3E14 /* TodoItem.swift */,
				C4C85A192A3B781500DC3E14 /* Importance.swift */,
				C4F38DF72A58E5170083897B /* DefaultNetworkingService.swift */,
			);
			path = Models;
			sourceTree = "<group>";
		};
/* End PBXGroup section */

/* Begin PBXNativeTarget section */
		C4C859E22A3B775F00DC3E14 /* YandexToDoList */ = {
			isa = PBXNativeTarget;
			buildConfigurationList = C4C85A0D2A3B776000DC3E14 /* Build configuration list for PBXNativeTarget "YandexToDoList" */;
			buildPhases = (
				1D0B7D75F6343D52E6A21CE8 /* [CP] Check Pods Manifest.lock */,
				C4C859DF2A3B775F00DC3E14 /* Sources */,
				C4C859E02A3B775F00DC3E14 /* Frameworks */,
				C4C859E12A3B775F00DC3E14 /* Resources */,
			);
			buildRules = (
			);
			dependencies = (
			);
			name = YandexToDoList;
			packageProductDependencies = (
			);
			productName = YandexToDoList;
			productReference = C4C859E32A3B775F00DC3E14 /* YandexToDoList.app */;
			productType = "com.apple.product-type.application";
		};
		C4C859F82A3B776000DC3E14 /* YandexToDoListTests */ = {
			isa = PBXNativeTarget;
			buildConfigurationList = C4C85A102A3B776000DC3E14 /* Build configuration list for PBXNativeTarget "YandexToDoListTests" */;
			buildPhases = (
				C4C859F52A3B776000DC3E14 /* Sources */,
				C4C859F62A3B776000DC3E14 /* Frameworks */,
				C4C859F72A3B776000DC3E14 /* Resources */,
			);
			buildRules = (
			);
			dependencies = (
				C4C859FB2A3B776000DC3E14 /* PBXTargetDependency */,
			);
			name = YandexToDoListTests;
			productName = YandexToDoListTests;
			productReference = C4C859F92A3B776000DC3E14 /* YandexToDoListTests.xctest */;
			productType = "com.apple.product-type.bundle.unit-test";
		};
		C4C85A022A3B776000DC3E14 /* YandexToDoListUITests */ = {
			isa = PBXNativeTarget;
			buildConfigurationList = C4C85A132A3B776000DC3E14 /* Build configuration list for PBXNativeTarget "YandexToDoListUITests" */;
			buildPhases = (
				C4C859FF2A3B776000DC3E14 /* Sources */,
				C4C85A002A3B776000DC3E14 /* Frameworks */,
				C4C85A012A3B776000DC3E14 /* Resources */,
			);
			buildRules = (
			);
			dependencies = (
				C4C85A052A3B776000DC3E14 /* PBXTargetDependency */,
			);
			name = YandexToDoListUITests;
			productName = YandexToDoListUITests;
			productReference = C4C85A032A3B776000DC3E14 /* YandexToDoListUITests.xctest */;
			productType = "com.apple.product-type.bundle.ui-testing";
		};
/* End PBXNativeTarget section */

/* Begin PBXProject section */
		C4C859DB2A3B775F00DC3E14 /* Project object */ = {
			isa = PBXProject;
			attributes = {
				BuildIndependentTargetsInParallel = 1;
				LastSwiftUpdateCheck = 1430;
				LastUpgradeCheck = 1430;
				TargetAttributes = {
					C4C859E22A3B775F00DC3E14 = {
						CreatedOnToolsVersion = 14.3;
					};
					C4C859F82A3B776000DC3E14 = {
						CreatedOnToolsVersion = 14.3;
						TestTargetID = C4C859E22A3B775F00DC3E14;
					};
					C4C85A022A3B776000DC3E14 = {
						CreatedOnToolsVersion = 14.3;
						TestTargetID = C4C859E22A3B775F00DC3E14;
					};
				};
			};
			buildConfigurationList = C4C859DE2A3B775F00DC3E14 /* Build configuration list for PBXProject "YandexToDoList" */;
			compatibilityVersion = "Xcode 14.0";
			developmentRegion = en;
			hasScannedForEncodings = 0;
			knownRegions = (
				en,
				Base,
			);
			mainGroup = C4C859DA2A3B775F00DC3E14;
			packageReferences = (
			);
			productRefGroup = C4C859E42A3B775F00DC3E14 /* Products */;
			projectDirPath = "";
			projectRoot = "";
			targets = (
				C4C859E22A3B775F00DC3E14 /* YandexToDoList */,
				C4C859F82A3B776000DC3E14 /* YandexToDoListTests */,
				C4C85A022A3B776000DC3E14 /* YandexToDoListUITests */,
			);
		};
/* End PBXProject section */

/* Begin PBXResourcesBuildPhase section */
		C4C859E12A3B775F00DC3E14 /* Resources */ = {
			isa = PBXResourcesBuildPhase;
			buildActionMask = 2147483647;
			files = (
				C4C859F32A3B776000DC3E14 /* LaunchScreen.storyboard in Resources */,
				C4C859F02A3B776000DC3E14 /* Assets.xcassets in Resources */,
				C4C859EE2A3B775F00DC3E14 /* Main.storyboard in Resources */,
			);
			runOnlyForDeploymentPostprocessing = 0;
		};
		C4C859F72A3B776000DC3E14 /* Resources */ = {
			isa = PBXResourcesBuildPhase;
			buildActionMask = 2147483647;
			files = (
			);
			runOnlyForDeploymentPostprocessing = 0;
		};
		C4C85A012A3B776000DC3E14 /* Resources */ = {
			isa = PBXResourcesBuildPhase;
			buildActionMask = 2147483647;
			files = (
			);
			runOnlyForDeploymentPostprocessing = 0;
		};
/* End PBXResourcesBuildPhase section */

/* Begin PBXShellScriptBuildPhase section */
		1D0B7D75F6343D52E6A21CE8 /* [CP] Check Pods Manifest.lock */ = {
			isa = PBXShellScriptBuildPhase;
			buildActionMask = 2147483647;
			files = (
			);
			inputFileListPaths = (
			);
			inputPaths = (
				"${PODS_PODFILE_DIR_PATH}/Podfile.lock",
				"${PODS_ROOT}/Manifest.lock",
			);
			name = "[CP] Check Pods Manifest.lock";
			outputFileListPaths = (
			);
			outputPaths = (
				"$(DERIVED_FILE_DIR)/Pods-YandexToDoList-checkManifestLockResult.txt",
			);
			runOnlyForDeploymentPostprocessing = 0;
			shellPath = /bin/sh;
			shellScript = "diff \"${PODS_PODFILE_DIR_PATH}/Podfile.lock\" \"${PODS_ROOT}/Manifest.lock\" > /dev/null\nif [ $? != 0 ] ; then\n    # print error to STDERR\n    echo \"error: The sandbox is not in sync with the Podfile.lock. Run 'pod install' or update your CocoaPods installation.\" >&2\n    exit 1\nfi\n# This output is used by Xcode 'outputs' to avoid re-running this script phase.\necho \"SUCCESS\" > \"${SCRIPT_OUTPUT_FILE_0}\"\n";
			showEnvVarsInLog = 0;
		};
/* End PBXShellScriptBuildPhase section */

/* Begin PBXSourcesBuildPhase section */
		C4C859DF2A3B775F00DC3E14 /* Sources */ = {
			isa = PBXSourcesBuildPhase;
			buildActionMask = 2147483647;
			files = (
				C4375E492A49CC2600E30314 /* EditTodoView.swift in Sources */,
				C4C859EB2A3B775F00DC3E14 /* TodoListViewController.swift in Sources */,
				C48482842A4C64BE0010B1BD /* EditTodoViewDelegate.swift in Sources */,
				C4F38DF62A58E4C30083897B /* NetworkingService.swift in Sources */,
				C4375E512A49D0CF00E30314 /* CustomLabelView.swift in Sources */,
				C402FBC62A4DA7BE00EE2FD6 /* HeaderTableView.swift in Sources */,
				C4E2612E2A58BFA30000C11F /* URLSession+Extension.swift in Sources */,
				C402FBC82A4DAFF400EE2FD6 /* CustomTableViewCell.swift in Sources */,
				C48448BD2A46908E000CF120 /* Date+Extension.swift in Sources */,
				C4375E4F2A49CE6400E30314 /* CustomDividerView.swift in Sources */,
				C48482882A4C8AC60010B1BD /* TodoListView.swift in Sources */,
				C4C859E72A3B775F00DC3E14 /* AppDelegate.swift in Sources */,
				C4C85A1A2A3B781500DC3E14 /* Importance.swift in Sources */,
				C4D6E2A52A4F83270070AD3C /* CustomTableViewCellDelegate.swift in Sources */,
				C4F38DF82A58E5170083897B /* DefaultNetworkingService.swift in Sources */,
				C47F324D2A467F0D001F94F6 /* UIColor+Extension.swift in Sources */,
				C484828A2A4C8C430010B1BD /* TodoListViewDelegate.swift in Sources */,
				C4C85A182A3B77D000DC3E14 /* TodoItem.swift in Sources */,
				C4D6E2A92A4F8EC70070AD3C /* String+Extension.swift in Sources */,
				C4D6E2A32A4F7B3A0070AD3C /* NewTodoTableViewCell.swift in Sources */,
				C4C859E92A3B775F00DC3E14 /* SceneDelegate.swift in Sources */,
				C4D6E2A72A4F8B8D0070AD3C /* HeaderTableViewDelegate.swift in Sources */,
				C48482822A4C5B3D0010B1BD /* OptionsTodoView.swift in Sources */,
				C47F32512A46813C001F94F6 /* UIFont+Extension.swift in Sources */,
				C47F32482A4678C8001F94F6 /* EditTodoViewController.swift in Sources */,
			);
			runOnlyForDeploymentPostprocessing = 0;
		};
		C4C859F52A3B776000DC3E14 /* Sources */ = {
			isa = PBXSourcesBuildPhase;
			buildActionMask = 2147483647;
			files = (
				C4C859FE2A3B776000DC3E14 /* YandexToDoListTests.swift in Sources */,
			);
			runOnlyForDeploymentPostprocessing = 0;
		};
		C4C859FF2A3B776000DC3E14 /* Sources */ = {
			isa = PBXSourcesBuildPhase;
			buildActionMask = 2147483647;
			files = (
				C4C85A082A3B776000DC3E14 /* YandexToDoListUITests.swift in Sources */,
				C4C85A0A2A3B776000DC3E14 /* YandexToDoListUITestsLaunchTests.swift in Sources */,
			);
			runOnlyForDeploymentPostprocessing = 0;
		};
/* End PBXSourcesBuildPhase section */

/* Begin PBXTargetDependency section */
		C4C859FB2A3B776000DC3E14 /* PBXTargetDependency */ = {
			isa = PBXTargetDependency;
			target = C4C859E22A3B775F00DC3E14 /* YandexToDoList */;
			targetProxy = C4C859FA2A3B776000DC3E14 /* PBXContainerItemProxy */;
		};
		C4C85A052A3B776000DC3E14 /* PBXTargetDependency */ = {
			isa = PBXTargetDependency;
			target = C4C859E22A3B775F00DC3E14 /* YandexToDoList */;
			targetProxy = C4C85A042A3B776000DC3E14 /* PBXContainerItemProxy */;
		};
/* End PBXTargetDependency section */

/* Begin PBXVariantGroup section */
		C4C859EC2A3B775F00DC3E14 /* Main.storyboard */ = {
			isa = PBXVariantGroup;
			children = (
				C4C859ED2A3B775F00DC3E14 /* Base */,
			);
			name = Main.storyboard;
			sourceTree = "<group>";
		};
		C4C859F12A3B776000DC3E14 /* LaunchScreen.storyboard */ = {
			isa = PBXVariantGroup;
			children = (
				C4C859F22A3B776000DC3E14 /* Base */,
			);
			name = LaunchScreen.storyboard;
			sourceTree = "<group>";
		};
/* End PBXVariantGroup section */

/* Begin XCBuildConfiguration section */
		C4C85A0B2A3B776000DC3E14 /* Debug */ = {
			isa = XCBuildConfiguration;
			buildSettings = {
				ALWAYS_SEARCH_USER_PATHS = NO;
				CLANG_ANALYZER_NONNULL = YES;
				CLANG_ANALYZER_NUMBER_OBJECT_CONVERSION = YES_AGGRESSIVE;
				CLANG_CXX_LANGUAGE_STANDARD = "gnu++20";
				CLANG_ENABLE_MODULES = YES;
				CLANG_ENABLE_OBJC_ARC = YES;
				CLANG_ENABLE_OBJC_WEAK = YES;
				CLANG_WARN_BLOCK_CAPTURE_AUTORELEASING = YES;
				CLANG_WARN_BOOL_CONVERSION = YES;
				CLANG_WARN_COMMA = YES;
				CLANG_WARN_CONSTANT_CONVERSION = YES;
				CLANG_WARN_DEPRECATED_OBJC_IMPLEMENTATIONS = YES;
				CLANG_WARN_DIRECT_OBJC_ISA_USAGE = YES_ERROR;
				CLANG_WARN_DOCUMENTATION_COMMENTS = YES;
				CLANG_WARN_EMPTY_BODY = YES;
				CLANG_WARN_ENUM_CONVERSION = YES;
				CLANG_WARN_INFINITE_RECURSION = YES;
				CLANG_WARN_INT_CONVERSION = YES;
				CLANG_WARN_NON_LITERAL_NULL_CONVERSION = YES;
				CLANG_WARN_OBJC_IMPLICIT_RETAIN_SELF = YES;
				CLANG_WARN_OBJC_LITERAL_CONVERSION = YES;
				CLANG_WARN_OBJC_ROOT_CLASS = YES_ERROR;
				CLANG_WARN_QUOTED_INCLUDE_IN_FRAMEWORK_HEADER = YES;
				CLANG_WARN_RANGE_LOOP_ANALYSIS = YES;
				CLANG_WARN_STRICT_PROTOTYPES = YES;
				CLANG_WARN_SUSPICIOUS_MOVE = YES;
				CLANG_WARN_UNGUARDED_AVAILABILITY = YES_AGGRESSIVE;
				CLANG_WARN_UNREACHABLE_CODE = YES;
				CLANG_WARN__DUPLICATE_METHOD_MATCH = YES;
				COPY_PHASE_STRIP = NO;
				DEBUG_INFORMATION_FORMAT = dwarf;
				ENABLE_STRICT_OBJC_MSGSEND = YES;
				ENABLE_TESTABILITY = YES;
				GCC_C_LANGUAGE_STANDARD = gnu11;
				GCC_DYNAMIC_NO_PIC = NO;
				GCC_NO_COMMON_BLOCKS = YES;
				GCC_OPTIMIZATION_LEVEL = 0;
				GCC_PREPROCESSOR_DEFINITIONS = (
					"DEBUG=1",
					"$(inherited)",
				);
				GCC_WARN_64_TO_32_BIT_CONVERSION = YES;
				GCC_WARN_ABOUT_RETURN_TYPE = YES_ERROR;
				GCC_WARN_UNDECLARED_SELECTOR = YES;
				GCC_WARN_UNINITIALIZED_AUTOS = YES_AGGRESSIVE;
				GCC_WARN_UNUSED_FUNCTION = YES;
				GCC_WARN_UNUSED_VARIABLE = YES;
				IPHONEOS_DEPLOYMENT_TARGET = 16.4;
				MTL_ENABLE_DEBUG_INFO = INCLUDE_SOURCE;
				MTL_FAST_MATH = YES;
				ONLY_ACTIVE_ARCH = YES;
				SDKROOT = iphoneos;
				SWIFT_ACTIVE_COMPILATION_CONDITIONS = DEBUG;
				SWIFT_OPTIMIZATION_LEVEL = "-Onone";
				SWIFT_STRICT_CONCURRENCY = complete;
			};
			name = Debug;
		};
		C4C85A0C2A3B776000DC3E14 /* Release */ = {
			isa = XCBuildConfiguration;
			buildSettings = {
				ALWAYS_SEARCH_USER_PATHS = NO;
				CLANG_ANALYZER_NONNULL = YES;
				CLANG_ANALYZER_NUMBER_OBJECT_CONVERSION = YES_AGGRESSIVE;
				CLANG_CXX_LANGUAGE_STANDARD = "gnu++20";
				CLANG_ENABLE_MODULES = YES;
				CLANG_ENABLE_OBJC_ARC = YES;
				CLANG_ENABLE_OBJC_WEAK = YES;
				CLANG_WARN_BLOCK_CAPTURE_AUTORELEASING = YES;
				CLANG_WARN_BOOL_CONVERSION = YES;
				CLANG_WARN_COMMA = YES;
				CLANG_WARN_CONSTANT_CONVERSION = YES;
				CLANG_WARN_DEPRECATED_OBJC_IMPLEMENTATIONS = YES;
				CLANG_WARN_DIRECT_OBJC_ISA_USAGE = YES_ERROR;
				CLANG_WARN_DOCUMENTATION_COMMENTS = YES;
				CLANG_WARN_EMPTY_BODY = YES;
				CLANG_WARN_ENUM_CONVERSION = YES;
				CLANG_WARN_INFINITE_RECURSION = YES;
				CLANG_WARN_INT_CONVERSION = YES;
				CLANG_WARN_NON_LITERAL_NULL_CONVERSION = YES;
				CLANG_WARN_OBJC_IMPLICIT_RETAIN_SELF = YES;
				CLANG_WARN_OBJC_LITERAL_CONVERSION = YES;
				CLANG_WARN_OBJC_ROOT_CLASS = YES_ERROR;
				CLANG_WARN_QUOTED_INCLUDE_IN_FRAMEWORK_HEADER = YES;
				CLANG_WARN_RANGE_LOOP_ANALYSIS = YES;
				CLANG_WARN_STRICT_PROTOTYPES = YES;
				CLANG_WARN_SUSPICIOUS_MOVE = YES;
				CLANG_WARN_UNGUARDED_AVAILABILITY = YES_AGGRESSIVE;
				CLANG_WARN_UNREACHABLE_CODE = YES;
				CLANG_WARN__DUPLICATE_METHOD_MATCH = YES;
				COPY_PHASE_STRIP = NO;
				DEBUG_INFORMATION_FORMAT = "dwarf-with-dsym";
				ENABLE_NS_ASSERTIONS = NO;
				ENABLE_STRICT_OBJC_MSGSEND = YES;
				GCC_C_LANGUAGE_STANDARD = gnu11;
				GCC_NO_COMMON_BLOCKS = YES;
				GCC_WARN_64_TO_32_BIT_CONVERSION = YES;
				GCC_WARN_ABOUT_RETURN_TYPE = YES_ERROR;
				GCC_WARN_UNDECLARED_SELECTOR = YES;
				GCC_WARN_UNINITIALIZED_AUTOS = YES_AGGRESSIVE;
				GCC_WARN_UNUSED_FUNCTION = YES;
				GCC_WARN_UNUSED_VARIABLE = YES;
				IPHONEOS_DEPLOYMENT_TARGET = 16.4;
				MTL_ENABLE_DEBUG_INFO = NO;
				MTL_FAST_MATH = YES;
				SDKROOT = iphoneos;
				SWIFT_COMPILATION_MODE = wholemodule;
				SWIFT_OPTIMIZATION_LEVEL = "-O";
				SWIFT_STRICT_CONCURRENCY = complete;
				VALIDATE_PRODUCT = YES;
			};
			name = Release;
		};
		C4C85A0E2A3B776000DC3E14 /* Debug */ = {
			isa = XCBuildConfiguration;
			baseConfigurationReference = CE261C5B79EC33C589FA582A /* Pods-YandexToDoList.debug.xcconfig */;
			buildSettings = {
				ASSETCATALOG_COMPILER_APPICON_NAME = AppIcon;
				ASSETCATALOG_COMPILER_GLOBAL_ACCENT_COLOR_NAME = AccentColor;
				CODE_SIGN_STYLE = Automatic;
				CURRENT_PROJECT_VERSION = 1;
				DEVELOPMENT_TEAM = 279M3KT89D;
				GENERATE_INFOPLIST_FILE = YES;
				INFOPLIST_FILE = YandexToDoList/Info.plist;
				INFOPLIST_KEY_UIApplicationSupportsIndirectInputEvents = YES;
				INFOPLIST_KEY_UILaunchStoryboardName = LaunchScreen;
				INFOPLIST_KEY_UIMainStoryboardFile = Main;
				INFOPLIST_KEY_UISupportedInterfaceOrientations_iPad = "UIInterfaceOrientationPortrait UIInterfaceOrientationPortraitUpsideDown UIInterfaceOrientationLandscapeLeft UIInterfaceOrientationLandscapeRight";
				INFOPLIST_KEY_UISupportedInterfaceOrientations_iPhone = "UIInterfaceOrientationPortrait UIInterfaceOrientationLandscapeLeft UIInterfaceOrientationLandscapeRight";
				LD_RUNPATH_SEARCH_PATHS = (
					"$(inherited)",
					"@executable_path/Frameworks",
				);
				MARKETING_VERSION = 1.0;
				PRODUCT_BUNDLE_IDENTIFIER = ru.nulfild.YandexToDoList1;
				PRODUCT_NAME = "$(TARGET_NAME)";
				SWIFT_EMIT_LOC_STRINGS = YES;
				SWIFT_STRICT_CONCURRENCY = complete;
				SWIFT_VERSION = 5.0;
				TARGETED_DEVICE_FAMILY = "1,2";
			};
			name = Debug;
		};
		C4C85A0F2A3B776000DC3E14 /* Release */ = {
			isa = XCBuildConfiguration;
			baseConfigurationReference = 968908ABCCE341456851A3BE /* Pods-YandexToDoList.release.xcconfig */;
			buildSettings = {
				ASSETCATALOG_COMPILER_APPICON_NAME = AppIcon;
				ASSETCATALOG_COMPILER_GLOBAL_ACCENT_COLOR_NAME = AccentColor;
				CODE_SIGN_STYLE = Automatic;
				CURRENT_PROJECT_VERSION = 1;
				DEVELOPMENT_TEAM = 279M3KT89D;
				GENERATE_INFOPLIST_FILE = YES;
				INFOPLIST_FILE = YandexToDoList/Info.plist;
				INFOPLIST_KEY_UIApplicationSupportsIndirectInputEvents = YES;
				INFOPLIST_KEY_UILaunchStoryboardName = LaunchScreen;
				INFOPLIST_KEY_UIMainStoryboardFile = Main;
				INFOPLIST_KEY_UISupportedInterfaceOrientations_iPad = "UIInterfaceOrientationPortrait UIInterfaceOrientationPortraitUpsideDown UIInterfaceOrientationLandscapeLeft UIInterfaceOrientationLandscapeRight";
				INFOPLIST_KEY_UISupportedInterfaceOrientations_iPhone = "UIInterfaceOrientationPortrait UIInterfaceOrientationLandscapeLeft UIInterfaceOrientationLandscapeRight";
				LD_RUNPATH_SEARCH_PATHS = (
					"$(inherited)",
					"@executable_path/Frameworks",
				);
				MARKETING_VERSION = 1.0;
				PRODUCT_BUNDLE_IDENTIFIER = ru.nulfild.YandexToDoList1;
				PRODUCT_NAME = "$(TARGET_NAME)";
				SWIFT_EMIT_LOC_STRINGS = YES;
				SWIFT_STRICT_CONCURRENCY = complete;
				SWIFT_VERSION = 5.0;
				TARGETED_DEVICE_FAMILY = "1,2";
			};
			name = Release;
		};
		C4C85A112A3B776000DC3E14 /* Debug */ = {
			isa = XCBuildConfiguration;
			buildSettings = {
				ALWAYS_EMBED_SWIFT_STANDARD_LIBRARIES = YES;
				BUNDLE_LOADER = "$(TEST_HOST)";
				CODE_SIGN_STYLE = Automatic;
				CURRENT_PROJECT_VERSION = 1;
				DEVELOPMENT_TEAM = 279M3KT89D;
				GENERATE_INFOPLIST_FILE = YES;
				IPHONEOS_DEPLOYMENT_TARGET = 16.4;
				MARKETING_VERSION = 1.0;
				PRODUCT_BUNDLE_IDENTIFIER = ru.nulfild.YandexToDoListTests;
				PRODUCT_NAME = "$(TARGET_NAME)";
				SWIFT_EMIT_LOC_STRINGS = NO;
				SWIFT_VERSION = 5.0;
				TARGETED_DEVICE_FAMILY = "1,2";
				TEST_HOST = "$(BUILT_PRODUCTS_DIR)/YandexToDoList.app/$(BUNDLE_EXECUTABLE_FOLDER_PATH)/YandexToDoList";
			};
			name = Debug;
		};
		C4C85A122A3B776000DC3E14 /* Release */ = {
			isa = XCBuildConfiguration;
			buildSettings = {
				ALWAYS_EMBED_SWIFT_STANDARD_LIBRARIES = YES;
				BUNDLE_LOADER = "$(TEST_HOST)";
				CODE_SIGN_STYLE = Automatic;
				CURRENT_PROJECT_VERSION = 1;
				DEVELOPMENT_TEAM = 279M3KT89D;
				GENERATE_INFOPLIST_FILE = YES;
				IPHONEOS_DEPLOYMENT_TARGET = 16.4;
				MARKETING_VERSION = 1.0;
				PRODUCT_BUNDLE_IDENTIFIER = ru.nulfild.YandexToDoListTests;
				PRODUCT_NAME = "$(TARGET_NAME)";
				SWIFT_EMIT_LOC_STRINGS = NO;
				SWIFT_VERSION = 5.0;
				TARGETED_DEVICE_FAMILY = "1,2";
				TEST_HOST = "$(BUILT_PRODUCTS_DIR)/YandexToDoList.app/$(BUNDLE_EXECUTABLE_FOLDER_PATH)/YandexToDoList";
			};
			name = Release;
		};
		C4C85A142A3B776000DC3E14 /* Debug */ = {
			isa = XCBuildConfiguration;
			buildSettings = {
				ALWAYS_EMBED_SWIFT_STANDARD_LIBRARIES = YES;
				CODE_SIGN_STYLE = Automatic;
				CURRENT_PROJECT_VERSION = 1;
				DEVELOPMENT_TEAM = 279M3KT89D;
				GENERATE_INFOPLIST_FILE = YES;
				MARKETING_VERSION = 1.0;
				PRODUCT_BUNDLE_IDENTIFIER = ru.nulfild.YandexToDoListUITests;
				PRODUCT_NAME = "$(TARGET_NAME)";
				SWIFT_EMIT_LOC_STRINGS = NO;
				SWIFT_VERSION = 5.0;
				TARGETED_DEVICE_FAMILY = "1,2";
				TEST_TARGET_NAME = YandexToDoList;
			};
			name = Debug;
		};
		C4C85A152A3B776000DC3E14 /* Release */ = {
			isa = XCBuildConfiguration;
			buildSettings = {
				ALWAYS_EMBED_SWIFT_STANDARD_LIBRARIES = YES;
				CODE_SIGN_STYLE = Automatic;
				CURRENT_PROJECT_VERSION = 1;
				DEVELOPMENT_TEAM = 279M3KT89D;
				GENERATE_INFOPLIST_FILE = YES;
				MARKETING_VERSION = 1.0;
				PRODUCT_BUNDLE_IDENTIFIER = ru.nulfild.YandexToDoListUITests;
				PRODUCT_NAME = "$(TARGET_NAME)";
				SWIFT_EMIT_LOC_STRINGS = NO;
				SWIFT_VERSION = 5.0;
				TARGETED_DEVICE_FAMILY = "1,2";
				TEST_TARGET_NAME = YandexToDoList;
			};
			name = Release;
		};
/* End XCBuildConfiguration section */

/* Begin XCConfigurationList section */
		C4C859DE2A3B775F00DC3E14 /* Build configuration list for PBXProject "YandexToDoList" */ = {
			isa = XCConfigurationList;
			buildConfigurations = (
				C4C85A0B2A3B776000DC3E14 /* Debug */,
				C4C85A0C2A3B776000DC3E14 /* Release */,
			);
			defaultConfigurationIsVisible = 0;
			defaultConfigurationName = Release;
		};
		C4C85A0D2A3B776000DC3E14 /* Build configuration list for PBXNativeTarget "YandexToDoList" */ = {
			isa = XCConfigurationList;
			buildConfigurations = (
				C4C85A0E2A3B776000DC3E14 /* Debug */,
				C4C85A0F2A3B776000DC3E14 /* Release */,
			);
			defaultConfigurationIsVisible = 0;
			defaultConfigurationName = Release;
		};
		C4C85A102A3B776000DC3E14 /* Build configuration list for PBXNativeTarget "YandexToDoListTests" */ = {
			isa = XCConfigurationList;
			buildConfigurations = (
				C4C85A112A3B776000DC3E14 /* Debug */,
				C4C85A122A3B776000DC3E14 /* Release */,
			);
			defaultConfigurationIsVisible = 0;
			defaultConfigurationName = Release;
		};
		C4C85A132A3B776000DC3E14 /* Build configuration list for PBXNativeTarget "YandexToDoListUITests" */ = {
			isa = XCConfigurationList;
			buildConfigurations = (
				C4C85A142A3B776000DC3E14 /* Debug */,
				C4C85A152A3B776000DC3E14 /* Release */,
			);
			defaultConfigurationIsVisible = 0;
			defaultConfigurationName = Release;
		};
/* End XCConfigurationList section */
	};
	rootObject = C4C859DB2A3B775F00DC3E14 /* Project object */;
}
